<?xml version="1.0" encoding="UTF-8"?>
<!DOCTYPE plist PUBLIC "-//Apple//DTD PLIST 1.0//EN" "http://www.apple.com/DTDs/PropertyList-1.0.dtd">
<plist version="1.0">
<dict>
	<key>archiveVersion</key>
	<string>1</string>
	<key>classes</key>
	<dict/>
	<key>objectVersion</key>
	<string>46</string>
	<key>objects</key>
	<dict>
		<key>04585C95DACD45B1AE58042E</key>
		<dict>
			<key>buildActionMask</key>
			<string>2147483647</string>
			<key>files</key>
			<array/>
			<key>inputPaths</key>
			<array/>
			<key>isa</key>
			<string>PBXShellScriptBuildPhase</string>
			<key>name</key>
			<string>Check Pods Manifest.lock</string>
			<key>outputPaths</key>
			<array/>
			<key>runOnlyForDeploymentPostprocessing</key>
			<string>0</string>
			<key>shellPath</key>
			<string>/bin/sh</string>
			<key>shellScript</key>
			<string>diff "${PODS_ROOT}/../Podfile.lock" "${PODS_ROOT}/Manifest.lock" &gt; /dev/null
if [[ $? != 0 ]] ; then
    cat &lt;&lt; EOM
error: The sandbox is not in sync with the Podfile.lock. Run 'pod install' or update your CocoaPods installation.
EOM
    exit 1
fi
</string>
			<key>showEnvVarsInLog</key>
			<string>0</string>
		</dict>
		<key>3149DB9F1957FDAF0029B331</key>
		<dict>
			<key>isa</key>
			<string>PBXFileReference</string>
			<key>lastKnownFileType</key>
			<string>wrapper.plug-in</string>
			<key>name</key>
			<string>Settings.bundle</string>
			<key>path</key>
			<string>Grade Calculator/Resources/Settings.bundle</string>
			<key>sourceTree</key>
			<string>SOURCE_ROOT</string>
		</dict>
		<key>3149DBA01957FDAF0029B331</key>
		<dict>
			<key>fileRef</key>
			<string>3149DB9F1957FDAF0029B331</string>
			<key>isa</key>
			<string>PBXBuildFile</string>
		</dict>
		<key>319DFF1319C6C51900EB1F4F</key>
		<dict>
			<key>buildActionMask</key>
			<string>2147483647</string>
			<key>files</key>
			<array/>
			<key>inputPaths</key>
			<array/>
			<key>isa</key>
			<string>PBXShellScriptBuildPhase</string>
			<key>outputPaths</key>
			<array/>
			<key>runOnlyForDeploymentPostprocessing</key>
			<string>0</string>
			<key>shellPath</key>
			<string>/bin/sh</string>
			<key>shellScript</key>
			<string>./Crashlytics.framework/run 99b82f0ed7be62e35eacbeabbd9531fe090ee5bc 8333eb3081301cb8fad85834d34999d2309e9d9c9044fda1e2e4f378ef99018b</string>
		</dict>
		<key>319DFF1419C6C54100EB1F4F</key>
		<dict>
			<key>isa</key>
			<string>PBXFileReference</string>
			<key>lastKnownFileType</key>
			<string>wrapper.framework</string>
			<key>path</key>
			<string>Crashlytics.framework</string>
			<key>sourceTree</key>
			<string>&lt;group&gt;</string>
		</dict>
		<key>319DFF1519C6C54100EB1F4F</key>
		<dict>
			<key>fileRef</key>
			<string>319DFF1419C6C54100EB1F4F</string>
			<key>isa</key>
			<string>PBXBuildFile</string>
		</dict>
		<key>31BB59AC194929420085B7A7</key>
		<dict>
			<key>children</key>
			<array>
				<string>31BB59E1194C255A0085B7A7</string>
				<string>31BB59CB194B7A330085B7A7</string>
				<string>31BB59BE194940B40085B7A7</string>
				<string>31BB59B019492AC70085B7A7</string>
				<string>31BB59C91949593C0085B7A7</string>
				<string>31BB59DC194BC2DC0085B7A7</string>
			</array>
			<key>isa</key>
			<string>PBXGroup</string>
			<key>name</key>
			<string>Forms</string>
			<key>sourceTree</key>
			<string>&lt;group&gt;</string>
		</dict>
		<key>31BB59AD19492AC20085B7A7</key>
		<dict>
			<key>fileEncoding</key>
			<string>4</string>
			<key>isa</key>
			<string>PBXFileReference</string>
			<key>lastKnownFileType</key>
			<string>sourcecode.c.h</string>
			<key>name</key>
			<string>GCWeightedFinalExamForm.h</string>
			<key>path</key>
			<string>Forms/GCWeightedFinalExamForm.h</string>
			<key>sourceTree</key>
			<string>&lt;group&gt;</string>
		</dict>
		<key>31BB59AE19492AC20085B7A7</key>
		<dict>
			<key>fileEncoding</key>
			<string>4</string>
			<key>isa</key>
			<string>PBXFileReference</string>
			<key>lastKnownFileType</key>
			<string>sourcecode.c.objc</string>
			<key>name</key>
			<string>GCWeightedFinalExamForm.m</string>
			<key>path</key>
			<string>Forms/GCWeightedFinalExamForm.m</string>
			<key>sourceTree</key>
			<string>&lt;group&gt;</string>
		</dict>
		<key>31BB59AF19492AC20085B7A7</key>
		<dict>
			<key>fileRef</key>
			<string>31BB59AE19492AC20085B7A7</string>
			<key>isa</key>
			<string>PBXBuildFile</string>
		</dict>
		<key>31BB59B019492AC70085B7A7</key>
		<dict>
			<key>children</key>
			<array>
				<string>31BB59AD19492AC20085B7A7</string>
				<string>31BB59AE19492AC20085B7A7</string>
			</array>
			<key>isa</key>
			<string>PBXGroup</string>
			<key>name</key>
			<string>Weighted Final Exam</string>
			<key>sourceTree</key>
			<string>&lt;group&gt;</string>
		</dict>
		<key>31BB59B1194935A70085B7A7</key>
		<dict>
			<key>fileEncoding</key>
			<string>4</string>
			<key>isa</key>
			<string>PBXFileReference</string>
			<key>lastKnownFileType</key>
			<string>sourcecode.c.h</string>
			<key>path</key>
			<string>CustomButtonCell.h</string>
			<key>sourceTree</key>
			<string>&lt;group&gt;</string>
		</dict>
		<key>31BB59B2194935A70085B7A7</key>
		<dict>
			<key>fileEncoding</key>
			<string>4</string>
			<key>isa</key>
			<string>PBXFileReference</string>
			<key>lastKnownFileType</key>
			<string>sourcecode.c.objc</string>
			<key>path</key>
			<string>CustomButtonCell.m</string>
			<key>sourceTree</key>
			<string>&lt;group&gt;</string>
		</dict>
		<key>31BB59B3194935A70085B7A7</key>
		<dict>
			<key>fileEncoding</key>
			<string>4</string>
			<key>isa</key>
			<string>PBXFileReference</string>
			<key>lastKnownFileType</key>
			<string>file.xib</string>
			<key>path</key>
			<string>CustomButtonCell.xib</string>
			<key>sourceTree</key>
			<string>&lt;group&gt;</string>
		</dict>
		<key>31BB59B4194935A70085B7A7</key>
		<dict>
			<key>fileRef</key>
			<string>31BB59B2194935A70085B7A7</string>
			<key>isa</key>
			<string>PBXBuildFile</string>
		</dict>
		<key>31BB59B5194935A70085B7A7</key>
		<dict>
			<key>fileRef</key>
			<string>31BB59B3194935A70085B7A7</string>
			<key>isa</key>
			<string>PBXBuildFile</string>
		</dict>
		<key>31BB59B6194935AC0085B7A7</key>
		<dict>
			<key>children</key>
			<array>
				<string>31BB59B1194935A70085B7A7</string>
				<string>31BB59B2194935A70085B7A7</string>
				<string>31BB59B3194935A70085B7A7</string>
			</array>
			<key>isa</key>
			<string>PBXGroup</string>
			<key>name</key>
			<string>Submit Button</string>
			<key>sourceTree</key>
			<string>&lt;group&gt;</string>
		</dict>
		<key>31BB59B7194936390085B7A7</key>
		<dict>
			<key>fileEncoding</key>
			<string>4</string>
			<key>isa</key>
			<string>PBXFileReference</string>
			<key>lastKnownFileType</key>
			<string>sourcecode.c.h</string>
			<key>path</key>
			<string>GCWeightedFinalExamViewController.h</string>
			<key>sourceTree</key>
			<string>&lt;group&gt;</string>
		</dict>
		<key>31BB59B8194936390085B7A7</key>
		<dict>
			<key>fileEncoding</key>
			<string>4</string>
			<key>isa</key>
			<string>PBXFileReference</string>
			<key>lastKnownFileType</key>
			<string>sourcecode.c.objc</string>
			<key>path</key>
			<string>GCWeightedFinalExamViewController.m</string>
			<key>sourceTree</key>
			<string>&lt;group&gt;</string>
		</dict>
		<key>31BB59B9194936390085B7A7</key>
		<dict>
			<key>fileRef</key>
			<string>31BB59B8194936390085B7A7</string>
			<key>isa</key>
			<string>PBXBuildFile</string>
		</dict>
		<key>31BB59BA194940650085B7A7</key>
		<dict>
			<key>children</key>
			<array>
				<string>31BB59B7194936390085B7A7</string>
				<string>31BB59B8194936390085B7A7</string>
			</array>
			<key>isa</key>
			<string>PBXGroup</string>
			<key>name</key>
			<string>Weighted Final Form</string>
			<key>sourceTree</key>
			<string>&lt;group&gt;</string>
		</dict>
		<key>31BB59BB194940B00085B7A7</key>
		<dict>
			<key>fileEncoding</key>
			<string>4</string>
			<key>isa</key>
			<string>PBXFileReference</string>
			<key>lastKnownFileType</key>
			<string>sourcecode.c.h</string>
			<key>path</key>
			<string>GCWeightedAssignmentForm.h</string>
			<key>sourceTree</key>
			<string>&lt;group&gt;</string>
		</dict>
		<key>31BB59BC194940B00085B7A7</key>
		<dict>
			<key>fileEncoding</key>
			<string>4</string>
			<key>isa</key>
			<string>PBXFileReference</string>
			<key>lastKnownFileType</key>
			<string>sourcecode.c.objc</string>
			<key>path</key>
			<string>GCWeightedAssignmentForm.m</string>
			<key>sourceTree</key>
			<string>&lt;group&gt;</string>
		</dict>
		<key>31BB59BD194940B00085B7A7</key>
		<dict>
			<key>fileRef</key>
			<string>31BB59BC194940B00085B7A7</string>
			<key>isa</key>
			<string>PBXBuildFile</string>
		</dict>
		<key>31BB59BE194940B40085B7A7</key>
		<dict>
			<key>children</key>
			<array>
				<string>31BB59BB194940B00085B7A7</string>
				<string>31BB59BC194940B00085B7A7</string>
			</array>
			<key>isa</key>
			<string>PBXGroup</string>
			<key>name</key>
			<string>Weighted Assignment</string>
			<key>sourceTree</key>
			<string>&lt;group&gt;</string>
		</dict>
		<key>31BB59BF194942C10085B7A7</key>
		<dict>
			<key>fileEncoding</key>
			<string>4</string>
			<key>isa</key>
			<string>PBXFileReference</string>
			<key>lastKnownFileType</key>
			<string>sourcecode.c.h</string>
			<key>path</key>
			<string>GCWeightedAssignmentViewController.h</string>
			<key>sourceTree</key>
			<string>&lt;group&gt;</string>
		</dict>
		<key>31BB59C0194942C10085B7A7</key>
		<dict>
			<key>fileEncoding</key>
			<string>4</string>
			<key>isa</key>
			<string>PBXFileReference</string>
			<key>lastKnownFileType</key>
			<string>sourcecode.c.objc</string>
			<key>path</key>
			<string>GCWeightedAssignmentViewController.m</string>
			<key>sourceTree</key>
			<string>&lt;group&gt;</string>
		</dict>
		<key>31BB59C1194942C10085B7A7</key>
		<dict>
			<key>fileRef</key>
			<string>31BB59C0194942C10085B7A7</string>
			<key>isa</key>
			<string>PBXBuildFile</string>
		</dict>
		<key>31BB59C2194955990085B7A7</key>
		<dict>
			<key>children</key>
			<array>
				<string>31BB59BF194942C10085B7A7</string>
				<string>31BB59C0194942C10085B7A7</string>
			</array>
			<key>isa</key>
			<string>PBXGroup</string>
			<key>name</key>
			<string>Weighted Assignment</string>
			<key>sourceTree</key>
			<string>&lt;group&gt;</string>
		</dict>
		<key>31BB59C3194956060085B7A7</key>
		<dict>
			<key>fileEncoding</key>
			<string>4</string>
			<key>isa</key>
			<string>PBXFileReference</string>
			<key>lastKnownFileType</key>
			<string>sourcecode.c.h</string>
			<key>name</key>
			<string>GCUnweightedAssignmentForm.h</string>
			<key>path</key>
			<string>Forms/GCUnweightedAssignmentForm.h</string>
			<key>sourceTree</key>
			<string>&lt;group&gt;</string>
		</dict>
		<key>31BB59C4194956060085B7A7</key>
		<dict>
			<key>fileEncoding</key>
			<string>4</string>
			<key>isa</key>
			<string>PBXFileReference</string>
			<key>lastKnownFileType</key>
			<string>sourcecode.c.objc</string>
			<key>name</key>
			<string>GCUnweightedAssignmentForm.m</string>
			<key>path</key>
			<string>Forms/GCUnweightedAssignmentForm.m</string>
			<key>sourceTree</key>
			<string>&lt;group&gt;</string>
		</dict>
		<key>31BB59C5194956060085B7A7</key>
		<dict>
			<key>fileRef</key>
			<string>31BB59C4194956060085B7A7</string>
			<key>isa</key>
			<string>PBXBuildFile</string>
		</dict>
		<key>31BB59C6194957920085B7A7</key>
		<dict>
			<key>fileEncoding</key>
			<string>4</string>
			<key>isa</key>
			<string>PBXFileReference</string>
			<key>lastKnownFileType</key>
			<string>sourcecode.c.h</string>
			<key>path</key>
			<string>GCUnweightedAssignmentViewController.h</string>
			<key>sourceTree</key>
			<string>&lt;group&gt;</string>
		</dict>
		<key>31BB59C7194957920085B7A7</key>
		<dict>
			<key>fileEncoding</key>
			<string>4</string>
			<key>isa</key>
			<string>PBXFileReference</string>
			<key>lastKnownFileType</key>
			<string>sourcecode.c.objc</string>
			<key>path</key>
			<string>GCUnweightedAssignmentViewController.m</string>
			<key>sourceTree</key>
			<string>&lt;group&gt;</string>
		</dict>
		<key>31BB59C8194957920085B7A7</key>
		<dict>
			<key>fileRef</key>
			<string>31BB59C7194957920085B7A7</string>
			<key>isa</key>
			<string>PBXBuildFile</string>
		</dict>
		<key>31BB59C91949593C0085B7A7</key>
		<dict>
			<key>children</key>
			<array>
				<string>31BB59C3194956060085B7A7</string>
				<string>31BB59C4194956060085B7A7</string>
			</array>
			<key>isa</key>
			<string>PBXGroup</string>
			<key>name</key>
			<string>Unweighted Assignment</string>
			<key>sourceTree</key>
			<string>&lt;group&gt;</string>
		</dict>
		<key>31BB59CA194959470085B7A7</key>
		<dict>
			<key>children</key>
			<array>
				<string>31BB59C6194957920085B7A7</string>
				<string>31BB59C7194957920085B7A7</string>
			</array>
			<key>isa</key>
			<string>PBXGroup</string>
			<key>name</key>
			<string>Unweighted Assignment</string>
			<key>sourceTree</key>
			<string>&lt;group&gt;</string>
		</dict>
		<key>31BB59CB194B7A330085B7A7</key>
		<dict>
			<key>children</key>
			<array>
				<string>31BB59CC194B7A4B0085B7A7</string>
				<string>31BB59CD194B7A4B0085B7A7</string>
			</array>
			<key>isa</key>
			<string>PBXGroup</string>
			<key>name</key>
			<string>Calculate Final Weight</string>
			<key>sourceTree</key>
			<string>&lt;group&gt;</string>
		</dict>
		<key>31BB59CC194B7A4B0085B7A7</key>
		<dict>
			<key>fileEncoding</key>
			<string>4</string>
			<key>isa</key>
			<string>PBXFileReference</string>
			<key>lastKnownFileType</key>
			<string>sourcecode.c.h</string>
			<key>name</key>
			<string>GCCalcFinalWeightForm.h</string>
			<key>path</key>
			<string>Forms/GCCalcFinalWeightForm.h</string>
			<key>sourceTree</key>
			<string>&lt;group&gt;</string>
		</dict>
		<key>31BB59CD194B7A4B0085B7A7</key>
		<dict>
			<key>fileEncoding</key>
			<string>4</string>
			<key>isa</key>
			<string>PBXFileReference</string>
			<key>lastKnownFileType</key>
			<string>sourcecode.c.objc</string>
			<key>name</key>
			<string>GCCalcFinalWeightForm.m</string>
			<key>path</key>
			<string>Forms/GCCalcFinalWeightForm.m</string>
			<key>sourceTree</key>
			<string>&lt;group&gt;</string>
		</dict>
		<key>31BB59CE194B7A4B0085B7A7</key>
		<dict>
			<key>fileRef</key>
			<string>31BB59CD194B7A4B0085B7A7</string>
			<key>isa</key>
			<string>PBXBuildFile</string>
		</dict>
		<key>31BB59CF194B7ACD0085B7A7</key>
		<dict>
			<key>children</key>
			<array>
				<string>31BB59D0194B7AE80085B7A7</string>
				<string>31BB59D1194B7AE80085B7A7</string>
			</array>
			<key>isa</key>
			<string>PBXGroup</string>
			<key>name</key>
			<string>Calc Final Weight</string>
			<key>sourceTree</key>
			<string>&lt;group&gt;</string>
		</dict>
		<key>31BB59D0194B7AE80085B7A7</key>
		<dict>
			<key>fileEncoding</key>
			<string>4</string>
			<key>isa</key>
			<string>PBXFileReference</string>
			<key>lastKnownFileType</key>
			<string>sourcecode.c.h</string>
			<key>path</key>
			<string>GCCalcFinalWeightViewController.h</string>
			<key>sourceTree</key>
			<string>&lt;group&gt;</string>
		</dict>
		<key>31BB59D1194B7AE80085B7A7</key>
		<dict>
			<key>fileEncoding</key>
			<string>4</string>
			<key>isa</key>
			<string>PBXFileReference</string>
			<key>lastKnownFileType</key>
			<string>sourcecode.c.objc</string>
			<key>path</key>
			<string>GCCalcFinalWeightViewController.m</string>
			<key>sourceTree</key>
			<string>&lt;group&gt;</string>
		</dict>
		<key>31BB59D2194B7AE80085B7A7</key>
		<dict>
			<key>fileRef</key>
			<string>31BB59D1194B7AE80085B7A7</string>
			<key>isa</key>
			<string>PBXBuildFile</string>
		</dict>
		<key>31BB59D9194BC1AF0085B7A7</key>
		<dict>
			<key>fileEncoding</key>
			<string>4</string>
			<key>isa</key>
			<string>PBXFileReference</string>
			<key>lastKnownFileType</key>
			<string>sourcecode.c.h</string>
			<key>name</key>
			<string>GCUserGradeAfterFinalForm.h</string>
			<key>path</key>
			<string>Forms/GCUserGradeAfterFinalForm.h</string>
			<key>sourceTree</key>
			<string>&lt;group&gt;</string>
		</dict>
		<key>31BB59DA194BC1AF0085B7A7</key>
		<dict>
			<key>fileEncoding</key>
			<string>4</string>
			<key>isa</key>
			<string>PBXFileReference</string>
			<key>lastKnownFileType</key>
			<string>sourcecode.c.objc</string>
			<key>name</key>
			<string>GCUserGradeAfterFinalForm.m</string>
			<key>path</key>
			<string>Forms/GCUserGradeAfterFinalForm.m</string>
			<key>sourceTree</key>
			<string>&lt;group&gt;</string>
		</dict>
		<key>31BB59DB194BC1AF0085B7A7</key>
		<dict>
			<key>fileRef</key>
			<string>31BB59DA194BC1AF0085B7A7</string>
			<key>isa</key>
			<string>PBXBuildFile</string>
		</dict>
		<key>31BB59DC194BC2DC0085B7A7</key>
		<dict>
			<key>children</key>
			<array>
				<string>31BB59D9194BC1AF0085B7A7</string>
				<string>31BB59DA194BC1AF0085B7A7</string>
			</array>
			<key>isa</key>
			<string>PBXGroup</string>
			<key>name</key>
			<string>Post-final Grade</string>
			<key>sourceTree</key>
			<string>&lt;group&gt;</string>
		</dict>
		<key>31BB59DD194BC2EF0085B7A7</key>
		<dict>
			<key>children</key>
			<array>
				<string>31BB59DE194BC3040085B7A7</string>
				<string>31BB59DF194BC3040085B7A7</string>
			</array>
			<key>isa</key>
			<string>PBXGroup</string>
			<key>name</key>
			<string>Post-final Grade</string>
			<key>sourceTree</key>
			<string>&lt;group&gt;</string>
		</dict>
		<key>31BB59DE194BC3040085B7A7</key>
		<dict>
			<key>fileEncoding</key>
			<string>4</string>
			<key>isa</key>
			<string>PBXFileReference</string>
			<key>lastKnownFileType</key>
			<string>sourcecode.c.h</string>
			<key>path</key>
			<string>GCPostFinalGradeViewController.h</string>
			<key>sourceTree</key>
			<string>&lt;group&gt;</string>
		</dict>
		<key>31BB59DF194BC3040085B7A7</key>
		<dict>
			<key>fileEncoding</key>
			<string>4</string>
			<key>isa</key>
			<string>PBXFileReference</string>
			<key>lastKnownFileType</key>
			<string>sourcecode.c.objc</string>
			<key>path</key>
			<string>GCPostFinalGradeViewController.m</string>
			<key>sourceTree</key>
			<string>&lt;group&gt;</string>
		</dict>
		<key>31BB59E0194BC3040085B7A7</key>
		<dict>
			<key>fileRef</key>
			<string>31BB59DF194BC3040085B7A7</string>
			<key>isa</key>
			<string>PBXBuildFile</string>
		</dict>
		<key>31BB59E1194C255A0085B7A7</key>
		<dict>
			<key>children</key>
			<array>
				<string>31BB59E2194C257C0085B7A7</string>
				<string>31BB59E3194C257C0085B7A7</string>
			</array>
			<key>isa</key>
			<string>PBXGroup</string>
			<key>name</key>
			<string>Multi-part final</string>
			<key>sourceTree</key>
			<string>&lt;group&gt;</string>
		</dict>
		<key>31BB59E2194C257C0085B7A7</key>
		<dict>
			<key>fileEncoding</key>
			<string>4</string>
			<key>isa</key>
			<string>PBXFileReference</string>
			<key>lastKnownFileType</key>
			<string>sourcecode.c.h</string>
			<key>name</key>
			<string>GCMultipartFinalForm.h</string>
			<key>path</key>
			<string>Forms/GCMultipartFinalForm.h</string>
			<key>sourceTree</key>
			<string>&lt;group&gt;</string>
		</dict>
		<key>31BB59E3194C257C0085B7A7</key>
		<dict>
			<key>fileEncoding</key>
			<string>4</string>
			<key>isa</key>
			<string>PBXFileReference</string>
			<key>lastKnownFileType</key>
			<string>sourcecode.c.objc</string>
			<key>name</key>
			<string>GCMultipartFinalForm.m</string>
			<key>path</key>
			<string>Forms/GCMultipartFinalForm.m</string>
			<key>sourceTree</key>
			<string>&lt;group&gt;</string>
		</dict>
		<key>31BB59E4194C257C0085B7A7</key>
		<dict>
			<key>fileRef</key>
			<string>31BB59E3194C257C0085B7A7</string>
			<key>isa</key>
			<string>PBXBuildFile</string>
		</dict>
		<key>31BB59E5194CD6210085B7A7</key>
		<dict>
			<key>children</key>
			<array>
				<string>31BB59E6194CD6310085B7A7</string>
				<string>31BB59E7194CD6310085B7A7</string>
			</array>
			<key>isa</key>
			<string>PBXGroup</string>
			<key>name</key>
			<string>Multi-part final</string>
			<key>sourceTree</key>
			<string>&lt;group&gt;</string>
		</dict>
		<key>31BB59E6194CD6310085B7A7</key>
		<dict>
			<key>fileEncoding</key>
			<string>4</string>
			<key>isa</key>
			<string>PBXFileReference</string>
			<key>lastKnownFileType</key>
			<string>sourcecode.c.h</string>
			<key>path</key>
			<string>GCMultipartfinalViewController.h</string>
			<key>sourceTree</key>
			<string>&lt;group&gt;</string>
		</dict>
		<key>31BB59E7194CD6310085B7A7</key>
		<dict>
			<key>fileEncoding</key>
			<string>4</string>
			<key>isa</key>
			<string>PBXFileReference</string>
			<key>lastKnownFileType</key>
			<string>sourcecode.c.objc</string>
			<key>path</key>
			<string>GCMultipartfinalViewController.m</string>
			<key>sourceTree</key>
			<string>&lt;group&gt;</string>
		</dict>
		<key>31BB59E8194CD6310085B7A7</key>
		<dict>
			<key>fileRef</key>
			<string>31BB59E7194CD6310085B7A7</string>
			<key>isa</key>
			<string>PBXBuildFile</string>
		</dict>
		<key>31D08E35194517C800780B0D</key>
		<dict>
			<key>children</key>
			<array>
				<string>31D08E47194517C800780B0D</string>
				<string>31D08E66194517C800780B0D</string>
				<string>31D08E40194517C800780B0D</string>
				<string>31D08E3F194517C800780B0D</string>
				<string>D40CC5D7677B2F46B9DBEBA1</string>
			</array>
			<key>isa</key>
			<string>PBXGroup</string>
			<key>sourceTree</key>
			<string>&lt;group&gt;</string>
		</dict>
		<key>31D08E36194517C800780B0D</key>
		<dict>
			<key>attributes</key>
			<dict>
				<key>CLASSPREFIX</key>
				<string>GC</string>
				<key>LastUpgradeCheck</key>
				<string>0510</string>
				<key>ORGANIZATIONNAME</key>
				<string>Nikhil Kalra</string>
				<key>TargetAttributes</key>
				<dict>
					<key>31D08E3D194517C800780B0D</key>
					<dict>
						<key>DevelopmentTeam</key>
						<string>9AZP8K6D3X</string>
					</dict>
					<key>31D08E5E194517C800780B0D</key>
					<dict>
						<key>TestTargetID</key>
						<string>31D08E3D194517C800780B0D</string>
					</dict>
				</dict>
			</dict>
			<key>buildConfigurationList</key>
			<string>31D08E39194517C800780B0D</string>
			<key>compatibilityVersion</key>
			<string>Xcode 3.2</string>
			<key>developmentRegion</key>
			<string>English</string>
			<key>hasScannedForEncodings</key>
			<string>0</string>
			<key>isa</key>
			<string>PBXProject</string>
			<key>knownRegions</key>
			<array>
				<string>en</string>
				<string>Base</string>
			</array>
			<key>mainGroup</key>
			<string>31D08E35194517C800780B0D</string>
			<key>productRefGroup</key>
			<string>31D08E3F194517C800780B0D</string>
			<key>projectDirPath</key>
			<string></string>
			<key>projectReferences</key>
			<array/>
			<key>projectRoot</key>
			<string></string>
			<key>targets</key>
			<array>
				<string>31D08E3D194517C800780B0D</string>
				<string>31D08E5E194517C800780B0D</string>
			</array>
		</dict>
		<key>31D08E39194517C800780B0D</key>
		<dict>
			<key>buildConfigurations</key>
			<array>
				<string>31D08E6E194517C800780B0D</string>
				<string>31D08E6F194517C800780B0D</string>
			</array>
			<key>defaultConfigurationIsVisible</key>
			<string>0</string>
			<key>defaultConfigurationName</key>
			<string>Release</string>
			<key>isa</key>
			<string>XCConfigurationList</string>
		</dict>
		<key>31D08E3A194517C800780B0D</key>
		<dict>
			<key>buildActionMask</key>
			<string>2147483647</string>
			<key>files</key>
			<array>
				<string>31BB59AF19492AC20085B7A7</string>
				<string>31BB59B4194935A70085B7A7</string>
				<string>31BB59B9194936390085B7A7</string>
				<string>31BB59E8194CD6310085B7A7</string>
				<string>31D08E781945180200780B0D</string>
				<string>31BB59D2194B7AE80085B7A7</string>
				<string>31D08E52194517C800780B0D</string>
				<string>31BB59C8194957920085B7A7</string>
				<string>31BB59BD194940B00085B7A7</string>
				<string>31BB59DB194BC1AF0085B7A7</string>
				<string>31BB59CE194B7A4B0085B7A7</string>
				<string>31BB59C1194942C10085B7A7</string>
				<string>31BB59E4194C257C0085B7A7</string>
				<string>31D08E4E194517C800780B0D</string>
				<string>31BB59E0194BC3040085B7A7</string>
				<string>31BB59C5194956060085B7A7</string>
			</array>
			<key>isa</key>
			<string>PBXSourcesBuildPhase</string>
			<key>runOnlyForDeploymentPostprocessing</key>
			<string>0</string>
		</dict>
		<key>31D08E3B194517C800780B0D</key>
		<dict>
			<key>buildActionMask</key>
			<string>2147483647</string>
			<key>files</key>
			<array>
				<string>31D08E44194517C800780B0D</string>
				<string>319DFF1519C6C54100EB1F4F</string>
				<string>31D08E46194517C800780B0D</string>
				<string>31D08E42194517C800780B0D</string>
				<string>C73574ECA04E40AF98F671A1</string>
			</array>
			<key>isa</key>
			<string>PBXFrameworksBuildPhase</string>
			<key>runOnlyForDeploymentPostprocessing</key>
			<string>0</string>
		</dict>
		<key>31D08E3C194517C800780B0D</key>
		<dict>
			<key>buildActionMask</key>
			<string>2147483647</string>
			<key>files</key>
			<array>
				<string>31BB59B5194935A70085B7A7</string>
				<string>31D08E5A194517C800780B0D</string>
				<string>3149DBA01957FDAF0029B331</string>
				<string>31D08E4C194517C800780B0D</string>
				<string>31D08E55194517C800780B0D</string>
			</array>
			<key>isa</key>
			<string>PBXResourcesBuildPhase</string>
			<key>runOnlyForDeploymentPostprocessing</key>
			<string>0</string>
		</dict>
		<key>31D08E3D194517C800780B0D</key>
		<dict>
			<key>buildConfigurationList</key>
			<string>31D08E70194517C800780B0D</string>
			<key>buildPhases</key>
			<array>
				<string>04585C95DACD45B1AE58042E</string>
				<string>31D08E3A194517C800780B0D</string>
				<string>31D08E3B194517C800780B0D</string>
				<string>31D08E3C194517C800780B0D</string>
				<string>4FBA6BE3062A4446B0A7D7D5</string>
				<string>319DFF1319C6C51900EB1F4F</string>
			</array>
			<key>buildRules</key>
			<array/>
			<key>dependencies</key>
			<array/>
			<key>isa</key>
			<string>PBXNativeTarget</string>
			<key>name</key>
			<string>Grade Calculator</string>
			<key>productName</key>
			<string>Grade Calculator</string>
			<key>productReference</key>
			<string>31D08E3E194517C800780B0D</string>
			<key>productType</key>
			<string>com.apple.product-type.application</string>
		</dict>
		<key>31D08E3E194517C800780B0D</key>
		<dict>
			<key>explicitFileType</key>
			<string>wrapper.application</string>
			<key>includeInIndex</key>
			<string>0</string>
			<key>isa</key>
			<string>PBXFileReference</string>
			<key>path</key>
			<string>Grade Calculator.app</string>
			<key>sourceTree</key>
			<string>BUILT_PRODUCTS_DIR</string>
		</dict>
		<key>31D08E3F194517C800780B0D</key>
		<dict>
			<key>children</key>
			<array>
				<string>31D08E3E194517C800780B0D</string>
				<string>31D08E5F194517C800780B0D</string>
			</array>
			<key>isa</key>
			<string>PBXGroup</string>
			<key>name</key>
			<string>Products</string>
			<key>sourceTree</key>
			<string>&lt;group&gt;</string>
		</dict>
		<key>31D08E40194517C800780B0D</key>
		<dict>
			<key>children</key>
			<array>
				<string>319DFF1419C6C54100EB1F4F</string>
				<string>31D08E41194517C800780B0D</string>
				<string>31D08E43194517C800780B0D</string>
				<string>31D08E45194517C800780B0D</string>
				<string>31D08E60194517C800780B0D</string>
				<string>BB178B3DADE0430881EB38B8</string>
			</array>
			<key>isa</key>
			<string>PBXGroup</string>
			<key>name</key>
			<string>Frameworks</string>
			<key>sourceTree</key>
			<string>&lt;group&gt;</string>
		</dict>
		<key>31D08E41194517C800780B0D</key>
		<dict>
			<key>isa</key>
			<string>PBXFileReference</string>
			<key>lastKnownFileType</key>
			<string>wrapper.framework</string>
			<key>name</key>
			<string>Foundation.framework</string>
			<key>path</key>
			<string>System/Library/Frameworks/Foundation.framework</string>
			<key>sourceTree</key>
			<string>SDKROOT</string>
		</dict>
		<key>31D08E42194517C800780B0D</key>
		<dict>
			<key>fileRef</key>
			<string>31D08E41194517C800780B0D</string>
			<key>isa</key>
			<string>PBXBuildFile</string>
		</dict>
		<key>31D08E43194517C800780B0D</key>
		<dict>
			<key>isa</key>
			<string>PBXFileReference</string>
			<key>lastKnownFileType</key>
			<string>wrapper.framework</string>
			<key>name</key>
			<string>CoreGraphics.framework</string>
			<key>path</key>
			<string>System/Library/Frameworks/CoreGraphics.framework</string>
			<key>sourceTree</key>
			<string>SDKROOT</string>
		</dict>
		<key>31D08E44194517C800780B0D</key>
		<dict>
			<key>fileRef</key>
			<string>31D08E43194517C800780B0D</string>
			<key>isa</key>
			<string>PBXBuildFile</string>
		</dict>
		<key>31D08E45194517C800780B0D</key>
		<dict>
			<key>isa</key>
			<string>PBXFileReference</string>
			<key>lastKnownFileType</key>
			<string>wrapper.framework</string>
			<key>name</key>
			<string>UIKit.framework</string>
			<key>path</key>
			<string>System/Library/Frameworks/UIKit.framework</string>
			<key>sourceTree</key>
			<string>SDKROOT</string>
		</dict>
		<key>31D08E46194517C800780B0D</key>
		<dict>
			<key>fileRef</key>
			<string>31D08E45194517C800780B0D</string>
			<key>isa</key>
			<string>PBXBuildFile</string>
		</dict>
		<key>31D08E47194517C800780B0D</key>
		<dict>
			<key>children</key>
			<array>
				<string>31D08E53194517C800780B0D</string>
				<string>31D08E791945180600780B0D</string>
				<string>31D08E7B1945399C00780B0D</string>
				<string>31D08E7C194539A200780B0D</string>
				<string>31BB59B6194935AC0085B7A7</string>
				<string>31D08E59194517C800780B0D</string>
				<string>31D08E48194517C800780B0D</string>
			</array>
			<key>isa</key>
			<string>PBXGroup</string>
			<key>path</key>
			<string>Grade Calculator</string>
			<key>sourceTree</key>
			<string>&lt;group&gt;</string>
		</dict>
		<key>31D08E48194517C800780B0D</key>
		<dict>
			<key>children</key>
			<array>
				<string>3149DB9F1957FDAF0029B331</string>
				<string>31D08E49194517C800780B0D</string>
				<string>31D08E4A194517C800780B0D</string>
				<string>31D08E4D194517C800780B0D</string>
				<string>31D08E4F194517C800780B0D</string>
			</array>
			<key>isa</key>
			<string>PBXGroup</string>
			<key>name</key>
			<string>Supporting Files</string>
			<key>sourceTree</key>
			<string>&lt;group&gt;</string>
		</dict>
		<key>31D08E49194517C800780B0D</key>
		<dict>
			<key>isa</key>
			<string>PBXFileReference</string>
			<key>lastKnownFileType</key>
			<string>text.plist.xml</string>
			<key>path</key>
			<string>Grade Calculator-Info.plist</string>
			<key>sourceTree</key>
			<string>&lt;group&gt;</string>
		</dict>
		<key>31D08E4A194517C800780B0D</key>
		<dict>
			<key>children</key>
			<array>
				<string>31D08E4B194517C800780B0D</string>
			</array>
			<key>isa</key>
			<string>PBXVariantGroup</string>
			<key>name</key>
			<string>InfoPlist.strings</string>
			<key>sourceTree</key>
			<string>&lt;group&gt;</string>
		</dict>
		<key>31D08E4B194517C800780B0D</key>
		<dict>
			<key>isa</key>
			<string>PBXFileReference</string>
			<key>lastKnownFileType</key>
			<string>text.plist.strings</string>
			<key>name</key>
			<string>en</string>
			<key>path</key>
			<string>en.lproj/InfoPlist.strings</string>
			<key>sourceTree</key>
			<string>&lt;group&gt;</string>
		</dict>
		<key>31D08E4C194517C800780B0D</key>
		<dict>
			<key>fileRef</key>
			<string>31D08E4A194517C800780B0D</string>
			<key>isa</key>
			<string>PBXBuildFile</string>
		</dict>
		<key>31D08E4D194517C800780B0D</key>
		<dict>
			<key>isa</key>
			<string>PBXFileReference</string>
			<key>lastKnownFileType</key>
			<string>sourcecode.c.objc</string>
			<key>path</key>
			<string>main.m</string>
			<key>sourceTree</key>
			<string>&lt;group&gt;</string>
		</dict>
		<key>31D08E4E194517C800780B0D</key>
		<dict>
			<key>fileRef</key>
			<string>31D08E4D194517C800780B0D</string>
			<key>isa</key>
			<string>PBXBuildFile</string>
		</dict>
		<key>31D08E4F194517C800780B0D</key>
		<dict>
			<key>isa</key>
			<string>PBXFileReference</string>
			<key>lastKnownFileType</key>
			<string>sourcecode.c.h</string>
			<key>path</key>
			<string>Grade Calculator-Prefix.pch</string>
			<key>sourceTree</key>
			<string>&lt;group&gt;</string>
		</dict>
		<key>31D08E50194517C800780B0D</key>
		<dict>
			<key>isa</key>
			<string>PBXFileReference</string>
			<key>lastKnownFileType</key>
			<string>sourcecode.c.h</string>
			<key>path</key>
			<string>GCAppDelegate.h</string>
			<key>sourceTree</key>
			<string>&lt;group&gt;</string>
		</dict>
		<key>31D08E51194517C800780B0D</key>
		<dict>
			<key>isa</key>
			<string>PBXFileReference</string>
			<key>lastKnownFileType</key>
			<string>sourcecode.c.objc</string>
			<key>path</key>
			<string>GCAppDelegate.m</string>
			<key>sourceTree</key>
			<string>&lt;group&gt;</string>
		</dict>
		<key>31D08E52194517C800780B0D</key>
		<dict>
			<key>fileRef</key>
			<string>31D08E51194517C800780B0D</string>
			<key>isa</key>
			<string>PBXBuildFile</string>
		</dict>
		<key>31D08E53194517C800780B0D</key>
		<dict>
			<key>children</key>
			<array>
				<string>31D08E54194517C800780B0D</string>
			</array>
			<key>isa</key>
			<string>PBXVariantGroup</string>
			<key>name</key>
			<string>Main.storyboard</string>
			<key>sourceTree</key>
			<string>&lt;group&gt;</string>
		</dict>
		<key>31D08E54194517C800780B0D</key>
		<dict>
			<key>isa</key>
			<string>PBXFileReference</string>
			<key>lastKnownFileType</key>
			<string>file.storyboard</string>
			<key>name</key>
			<string>Base</string>
			<key>path</key>
			<string>Base.lproj/Main.storyboard</string>
			<key>sourceTree</key>
			<string>&lt;group&gt;</string>
		</dict>
		<key>31D08E55194517C800780B0D</key>
		<dict>
			<key>fileRef</key>
			<string>31D08E53194517C800780B0D</string>
			<key>isa</key>
			<string>PBXBuildFile</string>
		</dict>
		<key>31D08E59194517C800780B0D</key>
		<dict>
			<key>isa</key>
			<string>PBXFileReference</string>
			<key>lastKnownFileType</key>
			<string>folder.assetcatalog</string>
			<key>path</key>
			<string>Images.xcassets</string>
			<key>sourceTree</key>
			<string>&lt;group&gt;</string>
		</dict>
		<key>31D08E5A194517C800780B0D</key>
		<dict>
			<key>fileRef</key>
			<string>31D08E59194517C800780B0D</string>
			<key>isa</key>
			<string>PBXBuildFile</string>
		</dict>
		<key>31D08E5B194517C800780B0D</key>
		<dict>
			<key>buildActionMask</key>
			<string>2147483647</string>
			<key>files</key>
			<array>
				<string>31D08E6D194517C800780B0D</string>
			</array>
			<key>isa</key>
			<string>PBXSourcesBuildPhase</string>
			<key>runOnlyForDeploymentPostprocessing</key>
			<string>0</string>
		</dict>
		<key>31D08E5C194517C800780B0D</key>
		<dict>
			<key>buildActionMask</key>
			<string>2147483647</string>
			<key>files</key>
			<array>
				<string>31D08E61194517C800780B0D</string>
				<string>31D08E63194517C800780B0D</string>
				<string>31D08E62194517C800780B0D</string>
			</array>
			<key>isa</key>
			<string>PBXFrameworksBuildPhase</string>
			<key>runOnlyForDeploymentPostprocessing</key>
			<string>0</string>
		</dict>
		<key>31D08E5D194517C800780B0D</key>
		<dict>
			<key>buildActionMask</key>
			<string>2147483647</string>
			<key>files</key>
			<array>
				<string>31D08E6B194517C800780B0D</string>
			</array>
			<key>isa</key>
			<string>PBXResourcesBuildPhase</string>
			<key>runOnlyForDeploymentPostprocessing</key>
			<string>0</string>
		</dict>
		<key>31D08E5E194517C800780B0D</key>
		<dict>
			<key>buildConfigurationList</key>
			<string>31D08E73194517C800780B0D</string>
			<key>buildPhases</key>
			<array>
				<string>31D08E5B194517C800780B0D</string>
				<string>31D08E5C194517C800780B0D</string>
				<string>31D08E5D194517C800780B0D</string>
			</array>
			<key>buildRules</key>
			<array/>
			<key>dependencies</key>
			<array>
				<string>31D08E65194517C800780B0D</string>
			</array>
			<key>isa</key>
			<string>PBXNativeTarget</string>
			<key>name</key>
			<string>Grade CalculatorTests</string>
			<key>productName</key>
			<string>Grade CalculatorTests</string>
			<key>productReference</key>
			<string>31D08E5F194517C800780B0D</string>
			<key>productType</key>
			<string>com.apple.product-type.bundle.unit-test</string>
		</dict>
		<key>31D08E5F194517C800780B0D</key>
		<dict>
			<key>explicitFileType</key>
			<string>wrapper.cfbundle</string>
			<key>includeInIndex</key>
			<string>0</string>
			<key>isa</key>
			<string>PBXFileReference</string>
			<key>path</key>
			<string>Grade CalculatorTests.xctest</string>
			<key>sourceTree</key>
			<string>BUILT_PRODUCTS_DIR</string>
		</dict>
		<key>31D08E60194517C800780B0D</key>
		<dict>
			<key>isa</key>
			<string>PBXFileReference</string>
			<key>lastKnownFileType</key>
			<string>wrapper.framework</string>
			<key>name</key>
			<string>XCTest.framework</string>
			<key>path</key>
			<string>Library/Frameworks/XCTest.framework</string>
			<key>sourceTree</key>
			<string>DEVELOPER_DIR</string>
		</dict>
		<key>31D08E61194517C800780B0D</key>
		<dict>
			<key>fileRef</key>
			<string>31D08E60194517C800780B0D</string>
			<key>isa</key>
			<string>PBXBuildFile</string>
		</dict>
		<key>31D08E62194517C800780B0D</key>
		<dict>
			<key>fileRef</key>
			<string>31D08E41194517C800780B0D</string>
			<key>isa</key>
			<string>PBXBuildFile</string>
		</dict>
		<key>31D08E63194517C800780B0D</key>
		<dict>
			<key>fileRef</key>
			<string>31D08E45194517C800780B0D</string>
			<key>isa</key>
			<string>PBXBuildFile</string>
		</dict>
		<key>31D08E64194517C800780B0D</key>
		<dict>
			<key>containerPortal</key>
			<string>31D08E36194517C800780B0D</string>
			<key>isa</key>
			<string>PBXContainerItemProxy</string>
			<key>proxyType</key>
			<string>1</string>
			<key>remoteGlobalIDString</key>
			<string>31D08E3D194517C800780B0D</string>
			<key>remoteInfo</key>
			<string>Grade Calculator</string>
		</dict>
		<key>31D08E65194517C800780B0D</key>
		<dict>
			<key>isa</key>
			<string>PBXTargetDependency</string>
			<key>target</key>
			<string>31D08E3D194517C800780B0D</string>
			<key>targetProxy</key>
			<string>31D08E64194517C800780B0D</string>
		</dict>
		<key>31D08E66194517C800780B0D</key>
		<dict>
			<key>children</key>
			<array>
				<string>31D08E6C194517C800780B0D</string>
				<string>31D08E67194517C800780B0D</string>
			</array>
			<key>isa</key>
			<string>PBXGroup</string>
			<key>path</key>
			<string>Grade CalculatorTests</string>
			<key>sourceTree</key>
			<string>&lt;group&gt;</string>
		</dict>
		<key>31D08E67194517C800780B0D</key>
		<dict>
			<key>children</key>
			<array>
				<string>31D08E68194517C800780B0D</string>
				<string>31D08E69194517C800780B0D</string>
			</array>
			<key>isa</key>
			<string>PBXGroup</string>
			<key>name</key>
			<string>Supporting Files</string>
			<key>sourceTree</key>
			<string>&lt;group&gt;</string>
		</dict>
		<key>31D08E68194517C800780B0D</key>
		<dict>
			<key>isa</key>
			<string>PBXFileReference</string>
			<key>lastKnownFileType</key>
			<string>text.plist.xml</string>
			<key>path</key>
			<string>GradesTests-Info.plist</string>
			<key>sourceTree</key>
			<string>&lt;group&gt;</string>
		</dict>
		<key>31D08E69194517C800780B0D</key>
		<dict>
			<key>children</key>
			<array>
				<string>31D08E6A194517C800780B0D</string>
			</array>
			<key>isa</key>
			<string>PBXVariantGroup</string>
			<key>name</key>
			<string>InfoPlist.strings</string>
			<key>sourceTree</key>
			<string>&lt;group&gt;</string>
		</dict>
		<key>31D08E6A194517C800780B0D</key>
		<dict>
			<key>isa</key>
			<string>PBXFileReference</string>
			<key>lastKnownFileType</key>
			<string>text.plist.strings</string>
			<key>name</key>
			<string>en</string>
			<key>path</key>
			<string>en.lproj/InfoPlist.strings</string>
			<key>sourceTree</key>
			<string>&lt;group&gt;</string>
		</dict>
		<key>31D08E6B194517C800780B0D</key>
		<dict>
			<key>fileRef</key>
			<string>31D08E69194517C800780B0D</string>
			<key>isa</key>
			<string>PBXBuildFile</string>
		</dict>
		<key>31D08E6C194517C800780B0D</key>
		<dict>
			<key>isa</key>
			<string>PBXFileReference</string>
			<key>lastKnownFileType</key>
			<string>sourcecode.c.objc</string>
			<key>path</key>
			<string>GCFinalGradeCalculator_Grade_CalculatorTests.m</string>
			<key>sourceTree</key>
			<string>&lt;group&gt;</string>
		</dict>
		<key>31D08E6D194517C800780B0D</key>
		<dict>
			<key>fileRef</key>
			<string>31D08E6C194517C800780B0D</string>
			<key>isa</key>
			<string>PBXBuildFile</string>
		</dict>
		<key>31D08E6E194517C800780B0D</key>
		<dict>
			<key>buildSettings</key>
			<dict>
				<key>ALWAYS_SEARCH_USER_PATHS</key>
				<string>NO</string>
				<key>CLANG_CXX_LANGUAGE_STANDARD</key>
				<string>gnu++0x</string>
				<key>CLANG_CXX_LIBRARY</key>
				<string>libc++</string>
				<key>CLANG_ENABLE_MODULES</key>
				<string>YES</string>
				<key>CLANG_ENABLE_OBJC_ARC</key>
				<string>YES</string>
				<key>CLANG_WARN_BOOL_CONVERSION</key>
				<string>YES</string>
				<key>CLANG_WARN_CONSTANT_CONVERSION</key>
				<string>YES</string>
				<key>CLANG_WARN_DIRECT_OBJC_ISA_USAGE</key>
				<string>YES_ERROR</string>
				<key>CLANG_WARN_EMPTY_BODY</key>
				<string>YES</string>
				<key>CLANG_WARN_ENUM_CONVERSION</key>
				<string>YES</string>
				<key>CLANG_WARN_INT_CONVERSION</key>
				<string>YES</string>
				<key>CLANG_WARN_OBJC_ROOT_CLASS</key>
				<string>YES_ERROR</string>
				<key>CLANG_WARN__DUPLICATE_METHOD_MATCH</key>
				<string>YES</string>
				<key>CODE_SIGN_IDENTITY[sdk=iphoneos*]</key>
				<string>iPhone Developer</string>
				<key>COPY_PHASE_STRIP</key>
				<string>NO</string>
				<key>GCC_C_LANGUAGE_STANDARD</key>
				<string>gnu99</string>
				<key>GCC_DYNAMIC_NO_PIC</key>
				<string>NO</string>
				<key>GCC_OPTIMIZATION_LEVEL</key>
				<string>0</string>
				<key>GCC_PREPROCESSOR_DEFINITIONS</key>
				<array>
					<string>DEBUG=1</string>
					<string>$(inherited)</string>
				</array>
				<key>GCC_SYMBOLS_PRIVATE_EXTERN</key>
				<string>NO</string>
				<key>GCC_WARN_64_TO_32_BIT_CONVERSION</key>
				<string>YES</string>
				<key>GCC_WARN_ABOUT_RETURN_TYPE</key>
				<string>YES_ERROR</string>
				<key>GCC_WARN_UNDECLARED_SELECTOR</key>
				<string>YES</string>
				<key>GCC_WARN_UNINITIALIZED_AUTOS</key>
				<string>YES_AGGRESSIVE</string>
				<key>GCC_WARN_UNUSED_FUNCTION</key>
				<string>YES</string>
				<key>GCC_WARN_UNUSED_VARIABLE</key>
				<string>YES</string>
				<key>IPHONEOS_DEPLOYMENT_TARGET</key>
				<string>7.1</string>
				<key>ONLY_ACTIVE_ARCH</key>
				<string>YES</string>
				<key>SDKROOT</key>
				<string>iphoneos</string>
			</dict>
			<key>isa</key>
			<string>XCBuildConfiguration</string>
			<key>name</key>
			<string>Debug</string>
		</dict>
		<key>31D08E6F194517C800780B0D</key>
		<dict>
			<key>buildSettings</key>
			<dict>
				<key>ALWAYS_SEARCH_USER_PATHS</key>
				<string>NO</string>
				<key>CLANG_CXX_LANGUAGE_STANDARD</key>
				<string>gnu++0x</string>
				<key>CLANG_CXX_LIBRARY</key>
				<string>libc++</string>
				<key>CLANG_ENABLE_MODULES</key>
				<string>YES</string>
				<key>CLANG_ENABLE_OBJC_ARC</key>
				<string>YES</string>
				<key>CLANG_WARN_BOOL_CONVERSION</key>
				<string>YES</string>
				<key>CLANG_WARN_CONSTANT_CONVERSION</key>
				<string>YES</string>
				<key>CLANG_WARN_DIRECT_OBJC_ISA_USAGE</key>
				<string>YES_ERROR</string>
				<key>CLANG_WARN_EMPTY_BODY</key>
				<string>YES</string>
				<key>CLANG_WARN_ENUM_CONVERSION</key>
				<string>YES</string>
				<key>CLANG_WARN_INT_CONVERSION</key>
				<string>YES</string>
				<key>CLANG_WARN_OBJC_ROOT_CLASS</key>
				<string>YES_ERROR</string>
				<key>CLANG_WARN__DUPLICATE_METHOD_MATCH</key>
				<string>YES</string>
				<key>CODE_SIGN_IDENTITY[sdk=iphoneos*]</key>
				<string>iPhone Developer</string>
				<key>COPY_PHASE_STRIP</key>
				<string>YES</string>
				<key>ENABLE_NS_ASSERTIONS</key>
				<string>NO</string>
				<key>GCC_C_LANGUAGE_STANDARD</key>
				<string>gnu99</string>
				<key>GCC_WARN_64_TO_32_BIT_CONVERSION</key>
				<string>YES</string>
				<key>GCC_WARN_ABOUT_RETURN_TYPE</key>
				<string>YES_ERROR</string>
				<key>GCC_WARN_UNDECLARED_SELECTOR</key>
				<string>YES</string>
				<key>GCC_WARN_UNINITIALIZED_AUTOS</key>
				<string>YES_AGGRESSIVE</string>
				<key>GCC_WARN_UNUSED_FUNCTION</key>
				<string>YES</string>
				<key>GCC_WARN_UNUSED_VARIABLE</key>
				<string>YES</string>
				<key>IPHONEOS_DEPLOYMENT_TARGET</key>
				<string>7.1</string>
				<key>SDKROOT</key>
				<string>iphoneos</string>
				<key>VALIDATE_PRODUCT</key>
				<string>YES</string>
			</dict>
			<key>isa</key>
			<string>XCBuildConfiguration</string>
			<key>name</key>
			<string>Release</string>
		</dict>
		<key>31D08E70194517C800780B0D</key>
		<dict>
			<key>buildConfigurations</key>
			<array>
				<string>31D08E71194517C800780B0D</string>
				<string>31D08E72194517C800780B0D</string>
			</array>
			<key>defaultConfigurationIsVisible</key>
			<string>0</string>
			<key>defaultConfigurationName</key>
			<string>Release</string>
			<key>isa</key>
			<string>XCConfigurationList</string>
		</dict>
		<key>31D08E71194517C800780B0D</key>
		<dict>
			<key>baseConfigurationReference</key>
			<string>52727C032B422F9C4D9386CE</string>
			<key>buildSettings</key>
			<dict>
				<key>ASSETCATALOG_COMPILER_APPICON_NAME</key>
				<string>AppIcon</string>
				<key>ASSETCATALOG_COMPILER_LAUNCHIMAGE_NAME</key>
				<string>LaunchImage</string>
				<key>CODE_SIGN_IDENTITY</key>
				<string>iPhone Developer</string>
				<key>CODE_SIGN_IDENTITY[sdk=iphoneos*]</key>
				<string>iPhone Developer</string>
				<key>FRAMEWORK_SEARCH_PATHS</key>
				<array>
					<string>$(inherited)</string>
					<string>$(PROJECT_DIR)</string>
				</array>
				<key>GCC_PRECOMPILE_PREFIX_HEADER</key>
				<string>YES</string>
				<key>GCC_PREFIX_HEADER</key>
				<string>Grade Calculator/Grade Calculator-Prefix.pch</string>
				<key>INFOPLIST_FILE</key>
				<string>Grade Calculator/Grade Calculator-Info.plist</string>
				<key>PRODUCT_NAME</key>
				<string>Grade Calculator</string>
				<key>PROVISIONING_PROFILE</key>
				<string></string>
				<key>WRAPPER_EXTENSION</key>
				<string>app</string>
			</dict>
			<key>isa</key>
			<string>XCBuildConfiguration</string>
			<key>name</key>
			<string>Debug</string>
		</dict>
		<key>31D08E72194517C800780B0D</key>
		<dict>
			<key>baseConfigurationReference</key>
			<string>698EA082A53799D26E17584B</string>
			<key>buildSettings</key>
			<dict>
				<key>ASSETCATALOG_COMPILER_APPICON_NAME</key>
				<string>AppIcon</string>
				<key>ASSETCATALOG_COMPILER_LAUNCHIMAGE_NAME</key>
				<string>LaunchImage</string>
				<key>CODE_SIGN_IDENTITY</key>
				<string>iPhone Developer</string>
				<key>CODE_SIGN_IDENTITY[sdk=iphoneos*]</key>
				<string>iPhone Developer</string>
				<key>FRAMEWORK_SEARCH_PATHS</key>
				<array>
					<string>$(inherited)</string>
					<string>$(PROJECT_DIR)</string>
				</array>
				<key>GCC_PRECOMPILE_PREFIX_HEADER</key>
				<string>YES</string>
				<key>GCC_PREFIX_HEADER</key>
				<string>Grade Calculator/Grade Calculator-Prefix.pch</string>
				<key>INFOPLIST_FILE</key>
				<string>Grade Calculator/Grade Calculator-Info.plist</string>
				<key>PRODUCT_NAME</key>
				<string>Grade Calculator</string>
				<key>PROVISIONING_PROFILE</key>
				<string></string>
				<key>WRAPPER_EXTENSION</key>
				<string>app</string>
			</dict>
			<key>isa</key>
			<string>XCBuildConfiguration</string>
			<key>name</key>
			<string>Release</string>
		</dict>
		<key>31D08E73194517C800780B0D</key>
		<dict>
			<key>buildConfigurations</key>
			<array>
				<string>31D08E74194517C800780B0D</string>
				<string>31D08E75194517C800780B0D</string>
			</array>
			<key>defaultConfigurationIsVisible</key>
			<string>0</string>
			<key>defaultConfigurationName</key>
			<string>Release</string>
			<key>isa</key>
			<string>XCConfigurationList</string>
		</dict>
		<key>31D08E74194517C800780B0D</key>
		<dict>
			<key>buildSettings</key>
			<dict>
				<key>BUNDLE_LOADER</key>
				<string>$(BUILT_PRODUCTS_DIR)/Grade Calculator.app/Grade Calculator</string>
				<key>FRAMEWORK_SEARCH_PATHS</key>
				<array>
					<string>$(SDKROOT)/Developer/Library/Frameworks</string>
					<string>$(inherited)</string>
					<string>$(DEVELOPER_FRAMEWORKS_DIR)</string>
				</array>
				<key>GCC_PRECOMPILE_PREFIX_HEADER</key>
				<string>YES</string>
				<key>GCC_PREFIX_HEADER</key>
				<string>Grade Calculator/Grade Calculator-Prefix.pch</string>
				<key>GCC_PREPROCESSOR_DEFINITIONS</key>
				<array>
					<string>DEBUG=1</string>
					<string>$(inherited)</string>
				</array>
				<key>INFOPLIST_FILE</key>
				<string>Grade CalculatorTests/GradesTests-Info.plist</string>
				<key>PRODUCT_NAME</key>
				<string>Grade CalculatorTests</string>
				<key>TEST_HOST</key>
				<string>$(BUNDLE_LOADER)</string>
				<key>WRAPPER_EXTENSION</key>
				<string>xctest</string>
			</dict>
			<key>isa</key>
			<string>XCBuildConfiguration</string>
			<key>name</key>
			<string>Debug</string>
		</dict>
		<key>31D08E75194517C800780B0D</key>
		<dict>
			<key>buildSettings</key>
			<dict>
				<key>BUNDLE_LOADER</key>
				<string>$(BUILT_PRODUCTS_DIR)/Grade Calculator.app/Grade Calculator</string>
				<key>FRAMEWORK_SEARCH_PATHS</key>
				<array>
					<string>$(SDKROOT)/Developer/Library/Frameworks</string>
					<string>$(inherited)</string>
					<string>$(DEVELOPER_FRAMEWORKS_DIR)</string>
				</array>
				<key>GCC_PRECOMPILE_PREFIX_HEADER</key>
				<string>YES</string>
				<key>GCC_PREFIX_HEADER</key>
				<string>Grade Calculator/Grade Calculator-Prefix.pch</string>
				<key>INFOPLIST_FILE</key>
				<string>Grade CalculatorTests/GradesTests-Info.plist</string>
				<key>PRODUCT_NAME</key>
				<string>Grade CalculatorTests</string>
				<key>TEST_HOST</key>
				<string>$(BUNDLE_LOADER)</string>
				<key>WRAPPER_EXTENSION</key>
				<string>xctest</string>
			</dict>
			<key>isa</key>
			<string>XCBuildConfiguration</string>
			<key>name</key>
			<string>Release</string>
		</dict>
		<key>31D08E761945180200780B0D</key>
		<dict>
			<key>fileEncoding</key>
			<string>4</string>
			<key>isa</key>
			<string>PBXFileReference</string>
			<key>lastKnownFileType</key>
			<string>sourcecode.c.h</string>
			<key>name</key>
			<string>GCFinalGradeCalculator.h</string>
			<key>path</key>
			<string>FinalGradeCalculator/GCFinalGradeCalculator.h</string>
			<key>sourceTree</key>
			<string>&lt;group&gt;</string>
		</dict>
		<key>31D08E771945180200780B0D</key>
		<dict>
			<key>fileEncoding</key>
			<string>4</string>
			<key>isa</key>
			<string>PBXFileReference</string>
			<key>lastKnownFileType</key>
			<string>sourcecode.c.objc</string>
			<key>name</key>
			<string>GCFinalGradeCalculator.m</string>
			<key>path</key>
			<string>FinalGradeCalculator/GCFinalGradeCalculator.m</string>
			<key>sourceTree</key>
			<string>&lt;group&gt;</string>
		</dict>
		<key>31D08E781945180200780B0D</key>
		<dict>
			<key>fileRef</key>
			<string>31D08E771945180200780B0D</string>
			<key>isa</key>
			<string>PBXBuildFile</string>
		</dict>
		<key>31D08E791945180600780B0D</key>
		<dict>
			<key>children</key>
			<array>
				<string>31BB59AC194929420085B7A7</string>
				<string>31D08E7A1945180B00780B0D</string>
			</array>
			<key>isa</key>
			<string>PBXGroup</string>
			<key>name</key>
			<string>Model</string>
			<key>sourceTree</key>
			<string>&lt;group&gt;</string>
		</dict>
		<key>31D08E7A1945180B00780B0D</key>
		<dict>
			<key>children</key>
			<array>
				<string>31D08E761945180200780B0D</string>
				<string>31D08E771945180200780B0D</string>
			</array>
			<key>isa</key>
			<string>PBXGroup</string>
			<key>name</key>
			<string>Final Grade Calculator</string>
			<key>sourceTree</key>
			<string>&lt;group&gt;</string>
		</dict>
		<key>31D08E7B1945399C00780B0D</key>
		<dict>
			<key>children</key>
			<array>
				<string>31D08E50194517C800780B0D</string>
				<string>31D08E51194517C800780B0D</string>
			</array>
			<key>isa</key>
			<string>PBXGroup</string>
			<key>name</key>
			<string>App Delegate</string>
			<key>sourceTree</key>
			<string>&lt;group&gt;</string>
		</dict>
		<key>31D08E7C194539A200780B0D</key>
		<dict>
			<key>children</key>
			<array>
				<string>31BB59E5194CD6210085B7A7</string>
				<string>31BB59DD194BC2EF0085B7A7</string>
				<string>31BB59CF194B7ACD0085B7A7</string>
				<string>31BB59CA194959470085B7A7</string>
				<string>31BB59BA194940650085B7A7</string>
				<string>31BB59C2194955990085B7A7</string>
			</array>
			<key>isa</key>
			<string>PBXGroup</string>
			<key>name</key>
			<string>View Controllers</string>
			<key>sourceTree</key>
			<string>&lt;group&gt;</string>
		</dict>
		<key>4FBA6BE3062A4446B0A7D7D5</key>
		<dict>
			<key>buildActionMask</key>
			<string>2147483647</string>
			<key>files</key>
			<array/>
			<key>inputPaths</key>
			<array/>
			<key>isa</key>
			<string>PBXShellScriptBuildPhase</string>
			<key>name</key>
			<string>Copy Pods Resources</string>
			<key>outputPaths</key>
			<array/>
			<key>runOnlyForDeploymentPostprocessing</key>
			<string>0</string>
			<key>shellPath</key>
			<string>/bin/sh</string>
			<key>shellScript</key>
			<string>"${SRCROOT}/Pods/Target Support Files/Pods/Pods-resources.sh"
</string>
			<key>showEnvVarsInLog</key>
			<string>0</string>
		</dict>
		<key>52727C032B422F9C4D9386CE</key>
		<dict>
			<key>includeInIndex</key>
			<string>1</string>
			<key>isa</key>
			<string>PBXFileReference</string>
			<key>lastKnownFileType</key>
			<string>text.xcconfig</string>
			<key>name</key>
			<string>Pods.debug.xcconfig</string>
			<key>path</key>
			<string>Pods/Target Support Files/Pods/Pods.debug.xcconfig</string>
			<key>sourceTree</key>
			<string>&lt;group&gt;</string>
		</dict>
		<key>698EA082A53799D26E17584B</key>
		<dict>
			<key>includeInIndex</key>
			<string>1</string>
			<key>isa</key>
			<string>PBXFileReference</string>
			<key>lastKnownFileType</key>
			<string>text.xcconfig</string>
			<key>name</key>
			<string>Pods.release.xcconfig</string>
			<key>path</key>
			<string>Pods/Target Support Files/Pods/Pods.release.xcconfig</string>
			<key>sourceTree</key>
			<string>&lt;group&gt;</string>
		</dict>
		<key>BB178B3DADE0430881EB38B8</key>
		<dict>
			<key>explicitFileType</key>
			<string>archive.ar</string>
			<key>includeInIndex</key>
			<string>0</string>
			<key>isa</key>
			<string>PBXFileReference</string>
			<key>path</key>
			<string>libPods.a</string>
			<key>sourceTree</key>
			<string>BUILT_PRODUCTS_DIR</string>
		</dict>
		<key>C73574ECA04E40AF98F671A1</key>
		<dict>
			<key>fileRef</key>
			<string>BB178B3DADE0430881EB38B8</string>
			<key>isa</key>
			<string>PBXBuildFile</string>
		</dict>
		<key>D40CC5D7677B2F46B9DBEBA1</key>
		<dict>
			<key>children</key>
			<array>
				<string>52727C032B422F9C4D9386CE</string>
				<string>698EA082A53799D26E17584B</string>
			</array>
			<key>isa</key>
			<string>PBXGroup</string>
			<key>name</key>
			<string>Pods</string>
			<key>sourceTree</key>
			<string>&lt;group&gt;</string>
		</dict>
	</dict>
	<key>rootObject</key>
	<string>31D08E36194517C800780B0D</string>
</dict>
</plist>
